// !$*UTF8*$!
{
	archiveVersion = 1;
	classes = {
	};
	objectVersion = 77;
	objects = {

/* Begin PBXContainerItemProxy section */
		15523C472EB0F959001D850C /* PBXContainerItemProxy */ = {
			isa = PBXContainerItemProxy;
			containerPortal = 15523C252EB0F957001D850C /* Project object */;
			proxyType = 1;
			remoteGlobalIDString = 15523C2C2EB0F957001D850C;
			remoteInfo = SibUtki;
		};
		15523C512EB0F959001D850C /* PBXContainerItemProxy */ = {
			isa = PBXContainerItemProxy;
			containerPortal = 15523C252EB0F957001D850C /* Project object */;
			proxyType = 1;
			remoteGlobalIDString = 15523C2C2EB0F957001D850C;
			remoteInfo = SibUtki;
		};
/* End PBXContainerItemProxy section */

/* Begin PBXFileReference section */
		15523C2D2EB0F957001D850C /* SibUtki.app */ = {isa = PBXFileReference; explicitFileType = wrapper.application; includeInIndex = 0; path = SibUtki.app; sourceTree = BUILT_PRODUCTS_DIR; };
		15523C462EB0F959001D850C /* SibUtkiTests.xctest */ = {isa = PBXFileReference; explicitFileType = wrapper.cfbundle; includeInIndex = 0; path = SibUtkiTests.xctest; sourceTree = BUILT_PRODUCTS_DIR; };
		15523C502EB0F959001D850C /* SibUtkiUITests.xctest */ = {isa = PBXFileReference; explicitFileType = wrapper.cfbundle; includeInIndex = 0; path = SibUtkiUITests.xctest; sourceTree = BUILT_PRODUCTS_DIR; };
/* End PBXFileReference section */

/* Begin PBXFileSystemSynchronizedBuildFileExceptionSet section */
		15523C582EB0F959001D850C /* Exceptions for "SibUtki" folder in "SibUtki" target */ = {
			isa = PBXFileSystemSynchronizedBuildFileExceptionSet;
			membershipExceptions = (
				Info.plist,
			);
			target = 15523C2C2EB0F957001D850C /* SibUtki */;
		};
/* End PBXFileSystemSynchronizedBuildFileExceptionSet section */

/* Begin PBXFileSystemSynchronizedRootGroup section */
		15523C2F2EB0F957001D850C /* SibUtki */ = {
			isa = PBXFileSystemSynchronizedRootGroup;
			exceptions = (
				15523C582EB0F959001D850C /* Exceptions for "SibUtki" folder in "SibUtki" target */,
			);
			path = SibUtki;
			sourceTree = "<group>";
		};
		15523C492EB0F959001D850C /* SibUtkiTests */ = {
			isa = PBXFileSystemSynchronizedRootGroup;
			path = SibUtkiTests;
			sourceTree = "<group>";
		};
		15523C532EB0F959001D850C /* SibUtkiUITests */ = {
			isa = PBXFileSystemSynchronizedRootGroup;
			path = SibUtkiUITests;
			sourceTree = "<group>";
		};
/* End PBXFileSystemSynchronizedRootGroup section */

/* Begin PBXFrameworksBuildPhase section */
		15523C2A2EB0F957001D850C /* Frameworks */ = {
			isa = PBXFrameworksBuildPhase;
			buildActionMask = 2147483647;
			files = (
			);
			runOnlyForDeploymentPostprocessing = 0;
		};
		15523C432EB0F959001D850C /* Frameworks */ = {
			isa = PBXFrameworksBuildPhase;
			buildActionMask = 2147483647;
			files = (
			);
			runOnlyForDeploymentPostprocessing = 0;
		};
		15523C4D2EB0F959001D850C /* Frameworks */ = {
			isa = PBXFrameworksBuildPhase;
			buildActionMask = 2147483647;
			files = (
			);
			runOnlyForDeploymentPostprocessing = 0;
		};
/* End PBXFrameworksBuildPhase section */

/* Begin PBXGroup section */
		15523C242EB0F957001D850C = {
			isa = PBXGroup;
			children = (
				15523C2F2EB0F957001D850C /* SibUtki */,
				15523C492EB0F959001D850C /* SibUtkiTests */,
				15523C532EB0F959001D850C /* SibUtkiUITests */,
				15523C2E2EB0F957001D850C /* Products */,
			);
			sourceTree = "<group>";
		};
		15523C2E2EB0F957001D850C /* Products */ = {
			isa = PBXGroup;
			children = (
				15523C2D2EB0F957001D850C /* SibUtki.app */,
				15523C462EB0F959001D850C /* SibUtkiTests.xctest */,
				15523C502EB0F959001D850C /* SibUtkiUITests.xctest */,
			);
			name = Products;
			sourceTree = "<group>";
		};
/* End PBXGroup section */

/* Begin PBXNativeTarget section */
		15523C2C2EB0F957001D850C /* SibUtki */ = {
			isa = PBXNativeTarget;
			buildConfigurationList = 15523C592EB0F959001D850C /* Build configuration list for PBXNativeTarget "SibUtki" */;
			buildPhases = (
				15523C292EB0F957001D850C /* Sources */,
				15523C2A2EB0F957001D850C /* Frameworks */,
				15523C2B2EB0F957001D850C /* Resources */,
			);
			buildRules = (
			);
			dependencies = (
			);
			fileSystemSynchronizedGroups = (
				15523C2F2EB0F957001D850C /* SibUtki */,
			);
			name = SibUtki;
			packageProductDependencies = (
			);
			productName = SibUtki;
			productReference = 15523C2D2EB0F957001D850C /* SibUtki.app */;
			productType = "com.apple.product-type.application";
		};
		15523C452EB0F959001D850C /* SibUtkiTests */ = {
			isa = PBXNativeTarget;
			buildConfigurationList = 15523C5E2EB0F959001D850C /* Build configuration list for PBXNativeTarget "SibUtkiTests" */;
			buildPhases = (
				15523C422EB0F959001D850C /* Sources */,
				15523C432EB0F959001D850C /* Frameworks */,
				15523C442EB0F959001D850C /* Resources */,
			);
			buildRules = (
			);
			dependencies = (
				15523C482EB0F959001D850C /* PBXTargetDependency */,
			);
			fileSystemSynchronizedGroups = (
				15523C492EB0F959001D850C /* SibUtkiTests */,
			);
			name = SibUtkiTests;
			packageProductDependencies = (
			);
			productName = SibUtkiTests;
			productReference = 15523C462EB0F959001D850C /* SibUtkiTests.xctest */;
			productType = "com.apple.product-type.bundle.unit-test";
		};
		15523C4F2EB0F959001D850C /* SibUtkiUITests */ = {
			isa = PBXNativeTarget;
			buildConfigurationList = 15523C612EB0F959001D850C /* Build configuration list for PBXNativeTarget "SibUtkiUITests" */;
			buildPhases = (
				15523C4C2EB0F959001D850C /* Sources */,
				15523C4D2EB0F959001D850C /* Frameworks */,
				15523C4E2EB0F959001D850C /* Resources */,
			);
			buildRules = (
			);
			dependencies = (
				15523C522EB0F959001D850C /* PBXTargetDependency */,
			);
			fileSystemSynchronizedGroups = (
				15523C532EB0F959001D850C /* SibUtkiUITests */,
			);
			name = SibUtkiUITests;
			packageProductDependencies = (
			);
			productName = SibUtkiUITests;
			productReference = 15523C502EB0F959001D850C /* SibUtkiUITests.xctest */;
			productType = "com.apple.product-type.bundle.ui-testing";
		};
/* End PBXNativeTarget section */

/* Begin PBXProject section */
		15523C252EB0F957001D850C /* Project object */ = {
			isa = PBXProject;
			attributes = {
				BuildIndependentTargetsInParallel = 1;
				LastSwiftUpdateCheck = 1640;
				LastUpgradeCheck = 1640;
				TargetAttributes = {
					15523C2C2EB0F957001D850C = {
						CreatedOnToolsVersion = 16.4;
					};
					15523C452EB0F959001D850C = {
						CreatedOnToolsVersion = 16.4;
						TestTargetID = 15523C2C2EB0F957001D850C;
					};
					15523C4F2EB0F959001D850C = {
						CreatedOnToolsVersion = 16.4;
						TestTargetID = 15523C2C2EB0F957001D850C;
					};
				};
			};
			buildConfigurationList = 15523C282EB0F957001D850C /* Build configuration list for PBXProject "SibUtki" */;
			developmentRegion = en;
			hasScannedForEncodings = 0;
			knownRegions = (
				en,
				Base,
			);
			mainGroup = 15523C242EB0F957001D850C;
			minimizedProjectReferenceProxies = 1;
			preferredProjectObjectVersion = 77;
			productRefGroup = 15523C2E2EB0F957001D850C /* Products */;
			projectDirPath = "";
			projectRoot = "";
			targets = (
				15523C2C2EB0F957001D850C /* SibUtki */,
				15523C452EB0F959001D850C /* SibUtkiTests */,
				15523C4F2EB0F959001D850C /* SibUtkiUITests */,
			);
		};
/* End PBXProject section */

/* Begin PBXResourcesBuildPhase section */
		15523C2B2EB0F957001D850C /* Resources */ = {
			isa = PBXResourcesBuildPhase;
			buildActionMask = 2147483647;
			files = (
			);
			runOnlyForDeploymentPostprocessing = 0;
		};
		15523C442EB0F959001D850C /* Resources */ = {
			isa = PBXResourcesBuildPhase;
			buildActionMask = 2147483647;
			files = (
			);
			runOnlyForDeploymentPostprocessing = 0;
		};
		15523C4E2EB0F959001D850C /* Resources */ = {
			isa = PBXResourcesBuildPhase;
			buildActionMask = 2147483647;
			files = (
			);
			runOnlyForDeploymentPostprocessing = 0;
		};
/* End PBXResourcesBuildPhase section */

/* Begin PBXSourcesBuildPhase section */
		15523C292EB0F957001D850C /* Sources */ = {
			isa = PBXSourcesBuildPhase;
			buildActionMask = 2147483647;
			files = (
			);
			runOnlyForDeploymentPostprocessing = 0;
		};
		15523C422EB0F959001D850C /* Sources */ = {
			isa = PBXSourcesBuildPhase;
			buildActionMask = 2147483647;
			files = (
			);
			runOnlyForDeploymentPostprocessing = 0;
		};
		15523C4C2EB0F959001D850C /* Sources */ = {
			isa = PBXSourcesBuildPhase;
			buildActionMask = 2147483647;
			files = (
			);
			runOnlyForDeploymentPostprocessing = 0;
		};
/* End PBXSourcesBuildPhase section */

/* Begin PBXTargetDependency section */
		15523C482EB0F959001D850C /* PBXTargetDependency */ = {
			isa = PBXTargetDependency;
			target = 15523C2C2EB0F957001D850C /* SibUtki */;
			targetProxy = 15523C472EB0F959001D850C /* PBXContainerItemProxy */;
		};
		15523C522EB0F959001D850C /* PBXTargetDependency */ = {
			isa = PBXTargetDependency;
			target = 15523C2C2EB0F957001D850C /* SibUtki */;
			targetProxy = 15523C512EB0F959001D850C /* PBXContainerItemProxy */;
		};
/* End PBXTargetDependency section */

/* Begin XCBuildConfiguration section */
		15523C5A2EB0F959001D850C /* Debug */ = {
			isa = XCBuildConfiguration;
			buildSettings = {
				ASSETCATALOG_COMPILER_APPICON_NAME = AppIcon;
				ASSETCATALOG_COMPILER_GLOBAL_ACCENT_COLOR_NAME = AccentColor;
				CODE_SIGN_STYLE = Automatic;
				CURRENT_PROJECT_VERSION = 1;
				DEVELOPMENT_TEAM = 7MZ9N552P6;
				GENERATE_INFOPLIST_FILE = YES;
				INFOPLIST_FILE = SibUtki/Info.plist;
				INFOPLIST_KEY_CFBundleDisplayName = "СибГуси";
				INFOPLIST_KEY_UIApplicationSupportsIndirectInputEvents = YES;
				INFOPLIST_KEY_UILaunchStoryboardName = LaunchScreen;
				INFOPLIST_KEY_UISupportedInterfaceOrientations_iPad = "UIInterfaceOrientationPortrait UIInterfaceOrientationPortraitUpsideDown UIInterfaceOrientationLandscapeLeft UIInterfaceOrientationLandscapeRight";
				INFOPLIST_KEY_UISupportedInterfaceOrientations_iPhone = "UIInterfaceOrientationPortrait UIInterfaceOrientationLandscapeLeft UIInterfaceOrientationLandscapeRight";
				IPHONEOS_DEPLOYMENT_TARGET = 15.6;
				LD_RUNPATH_SEARCH_PATHS = (
					"$(inherited)",
					"@executable_path/Frameworks",
				);
				MARKETING_VERSION = 1.0;
				PRODUCT_BUNDLE_IDENTIFIER = "org.e90b8316ac72274e.-0-2";
				PRODUCT_NAME = "$(TARGET_NAME)";
				SWIFT_EMIT_LOC_STRINGS = YES;
				SWIFT_VERSION = 5.0;
				TARGETED_DEVICE_FAMILY = "1,2";
			};
			name = Debug;
		};
		15523C5B2EB0F959001D850C /* Release */ = {
			isa = XCBuildConfiguration;
			buildSettings = {
				ASSETCATALOG_COMPILER_APPICON_NAME = AppIcon;
				ASSETCATALOG_COMPILER_GLOBAL_ACCENT_COLOR_NAME = AccentColor;
				CODE_SIGN_STYLE = Automatic;
				CURRENT_PROJECT_VERSION = 1;
				DEVELOPMENT_TEAM = 7MZ9N552P6;
				GENERATE_INFOPLIST_FILE = YES;
				INFOPLIST_FILE = SibUtki/Info.plist;
				INFOPLIST_KEY_CFBundleDisplayName = "СибГуси";
				INFOPLIST_KEY_UIApplicationSupportsIndirectInputEvents = YES;
				INFOPLIST_KEY_UILaunchStoryboardName = LaunchScreen;
				INFOPLIST_KEY_UISupportedInterfaceOrientations_iPad = "UIInterfaceOrientationPortrait UIInterfaceOrientationPortraitUpsideDown UIInterfaceOrientationLandscapeLeft UIInterfaceOrientationLandscapeRight";
				INFOPLIST_KEY_UISupportedInterfaceOrientations_iPhone = "UIInterfaceOrientationPortrait UIInterfaceOrientationLandscapeLeft UIInterfaceOrientationLandscapeRight";
				IPHONEOS_DEPLOYMENT_TARGET = 15.6;
				LD_RUNPATH_SEARCH_PATHS = (
					"$(inherited)",
					"@executable_path/Frameworks",
				);
				MARKETING_VERSION = 1.0;
				PRODUCT_BUNDLE_IDENTIFIER = "org.e90b8316ac72274e.-0-2";
				PRODUCT_NAME = "$(TARGET_NAME)";
				SWIFT_EMIT_LOC_STRINGS = YES;
				SWIFT_VERSION = 5.0;
				TARGETED_DEVICE_FAMILY = "1,2";
			};
			name = Release;
		};
		15523C5C2EB0F959001D850C /* Debug */ = {
			isa = XCBuildConfiguration;
			buildSettings = {
				ALWAYS_SEARCH_USER_PATHS = NO;
				ASSETCATALOG_COMPILER_GENERATE_SWIFT_ASSET_SYMBOL_EXTENSIONS = YES;
				CLANG_ANALYZER_NONNULL = YES;
				CLANG_ANALYZER_NUMBER_OBJECT_CONVERSION = YES_AGGRESSIVE;
				CLANG_CXX_LANGUAGE_STANDARD = "gnu++20";
				CLANG_ENABLE_MODULES = YES;
				CLANG_ENABLE_OBJC_ARC = YES;
				CLANG_ENABLE_OBJC_WEAK = YES;
				CLANG_WARN_BLOCK_CAPTURE_AUTORELEASING = YES;
				CLANG_WARN_BOOL_CONVERSION = YES;
				CLANG_WARN_COMMA = YES;
				CLANG_WARN_CONSTANT_CONVERSION = YES;
				CLANG_WARN_DEPRECATED_OBJC_IMPLEMENTATIONS = YES;
				CLANG_WARN_DIRECT_OBJC_ISA_USAGE = YES_ERROR;
				CLANG_WARN_DOCUMENTATION_COMMENTS = YES;
				CLANG_WARN_EMPTY_BODY = YES;
				CLANG_WARN_ENUM_CONVERSION = YES;
				CLANG_WARN_INFINITE_RECURSION = YES;
				CLANG_WARN_INT_CONVERSION = YES;
				CLANG_WARN_NON_LITERAL_NULL_CONVERSION = YES;
				CLANG_WARN_OBJC_IMPLICIT_RETAIN_SELF = YES;
				CLANG_WARN_OBJC_LITERAL_CONVERSION = YES;
				CLANG_WARN_OBJC_ROOT_CLASS = YES_ERROR;
				CLANG_WARN_QUOTED_INCLUDE_IN_FRAMEWORK_HEADER = YES;
				CLANG_WARN_RANGE_LOOP_ANALYSIS = YES;
				CLANG_WARN_STRICT_PROTOTYPES = YES;
				CLANG_WARN_SUSPICIOUS_MOVE = YES;
				CLANG_WARN_UNGUARDED_AVAILABILITY = YES_AGGRESSIVE;
				CLANG_WARN_UNREACHABLE_CODE = YES;
				CLANG_WARN__DUPLICATE_METHOD_MATCH = YES;
				COPY_PHASE_STRIP = NO;
				DEBUG_INFORMATION_FORMAT = dwarf;
				DEVELOPMENT_TEAM = 7MZ9N552P6;
				ENABLE_STRICT_OBJC_MSGSEND = YES;
				ENABLE_TESTABILITY = YES;
				ENABLE_USER_SCRIPT_SANDBOXING = YES;
				GCC_C_LANGUAGE_STANDARD = gnu17;
				GCC_DYNAMIC_NO_PIC = NO;
				GCC_NO_COMMON_BLOCKS = YES;
				GCC_OPTIMIZATION_LEVEL = 0;
				GCC_PREPROCESSOR_DEFINITIONS = (
					"DEBUG=1",
					"$(inherited)",
				);
				GCC_WARN_64_TO_32_BIT_CONVERSION = YES;
				GCC_WARN_ABOUT_RETURN_TYPE = YES_ERROR;
				GCC_WARN_UNDECLARED_SELECTOR = YES;
				GCC_WARN_UNINITIALIZED_AUTOS = YES_AGGRESSIVE;
				GCC_WARN_UNUSED_FUNCTION = YES;
				GCC_WARN_UNUSED_VARIABLE = YES;
				IPHONEOS_DEPLOYMENT_TARGET = 18.5;
				LOCALIZATION_PREFERS_STRING_CATALOGS = YES;
				MTL_ENABLE_DEBUG_INFO = INCLUDE_SOURCE;
				MTL_FAST_MATH = YES;
				ONLY_ACTIVE_ARCH = YES;
				SDKROOT = iphoneos;
				SWIFT_ACTIVE_COMPILATION_CONDITIONS = "DEBUG $(inherited)";
				SWIFT_OPTIMIZATION_LEVEL = "-Onone";
			};
			name = Debug;
		};
		15523C5D2EB0F959001D850C /* Release */ = {
			isa = XCBuildConfiguration;
			buildSettings = {
				ALWAYS_SEARCH_USER_PATHS = NO;
				ASSETCATALOG_COMPILER_GENERATE_SWIFT_ASSET_SYMBOL_EXTENSIONS = YES;
				CLANG_ANALYZER_NONNULL = YES;
				CLANG_ANALYZER_NUMBER_OBJECT_CONVERSION = YES_AGGRESSIVE;
				CLANG_CXX_LANGUAGE_STANDARD = "gnu++20";
				CLANG_ENABLE_MODULES = YES;
				CLANG_ENABLE_OBJC_ARC = YES;
				CLANG_ENABLE_OBJC_WEAK = YES;
				CLANG_WARN_BLOCK_CAPTURE_AUTORELEASING = YES;
				CLANG_WARN_BOOL_CONVERSION = YES;
				CLANG_WARN_COMMA = YES;
				CLANG_WARN_CONSTANT_CONVERSION = YES;
				CLANG_WARN_DEPRECATED_OBJC_IMPLEMENTATIONS = YES;
				CLANG_WARN_DIRECT_OBJC_ISA_USAGE = YES_ERROR;
				CLANG_WARN_DOCUMENTATION_COMMENTS = YES;
				CLANG_WARN_EMPTY_BODY = YES;
				CLANG_WARN_ENUM_CONVERSION = YES;
				CLANG_WARN_INFINITE_RECURSION = YES;
				CLANG_WARN_INT_CONVERSION = YES;
				CLANG_WARN_NON_LITERAL_NULL_CONVERSION = YES;
				CLANG_WARN_OBJC_IMPLICIT_RETAIN_SELF = YES;
				CLANG_WARN_OBJC_LITERAL_CONVERSION = YES;
				CLANG_WARN_OBJC_ROOT_CLASS = YES_ERROR;
				CLANG_WARN_QUOTED_INCLUDE_IN_FRAMEWORK_HEADER = YES;
				CLANG_WARN_RANGE_LOOP_ANALYSIS = YES;
				CLANG_WARN_STRICT_PROTOTYPES = YES;
				CLANG_WARN_SUSPICIOUS_MOVE = YES;
				CLANG_WARN_UNGUARDED_AVAILABILITY = YES_AGGRESSIVE;
				CLANG_WARN_UNREACHABLE_CODE = YES;
				CLANG_WARN__DUPLICATE_METHOD_MATCH = YES;
				COPY_PHASE_STRIP = NO;
				DEBUG_INFORMATION_FORMAT = "dwarf-with-dsym";
				DEVELOPMENT_TEAM = 7MZ9N552P6;
				ENABLE_NS_ASSERTIONS = NO;
				ENABLE_STRICT_OBJC_MSGSEND = YES;
				ENABLE_USER_SCRIPT_SANDBOXING = YES;
				GCC_C_LANGUAGE_STANDARD = gnu17;
				GCC_NO_COMMON_BLOCKS = YES;
				GCC_WARN_64_TO_32_BIT_CONVERSION = YES;
				GCC_WARN_ABOUT_RETURN_TYPE = YES_ERROR;
				GCC_WARN_UNDECLARED_SELECTOR = YES;
				GCC_WARN_UNINITIALIZED_AUTOS = YES_AGGRESSIVE;
				GCC_WARN_UNUSED_FUNCTION = YES;
				GCC_WARN_UNUSED_VARIABLE = YES;
				IPHONEOS_DEPLOYMENT_TARGET = 18.5;
				LOCALIZATION_PREFERS_STRING_CATALOGS = YES;
				MTL_ENABLE_DEBUG_INFO = NO;
				MTL_FAST_MATH = YES;
				SDKROOT = iphoneos;
				SWIFT_COMPILATION_MODE = wholemodule;
				VALIDATE_PRODUCT = YES;
			};
			name = Release;
		};
		15523C5F2EB0F959001D850C /* Debug */ = {
			isa = XCBuildConfiguration;
			buildSettings = {
				BUNDLE_LOADER = "$(TEST_HOST)";
				CODE_SIGN_STYLE = Automatic;
				CURRENT_PROJECT_VERSION = 1;
				DEVELOPMENT_TEAM = 7MZ9N552P6;
				GENERATE_INFOPLIST_FILE = YES;
				IPHONEOS_DEPLOYMENT_TARGET = 18.5;
				MARKETING_VERSION = 1.0;
				PRODUCT_BUNDLE_IDENTIFIER = org.e90b8316ac72274e.SibUtkiTests;
				PRODUCT_NAME = "$(TARGET_NAME)";
				SWIFT_EMIT_LOC_STRINGS = NO;
				SWIFT_VERSION = 5.0;
				TARGETED_DEVICE_FAMILY = "1,2";
				TEST_HOST = "$(BUILT_PRODUCTS_DIR)/SibUtki.app/$(BUNDLE_EXECUTABLE_FOLDER_PATH)/SibUtki";
			};
			name = Debug;
		};
		15523C602EB0F959001D850C /* Release */ = {
			isa = XCBuildConfiguration;
			buildSettings = {
				BUNDLE_LOADER = "$(TEST_HOST)";
				CODE_SIGN_STYLE = Automatic;
				CURRENT_PROJECT_VERSION = 1;
				DEVELOPMENT_TEAM = 7MZ9N552P6;
				GENERATE_INFOPLIST_FILE = YES;
				IPHONEOS_DEPLOYMENT_TARGET = 18.5;
				MARKETING_VERSION = 1.0;
				PRODUCT_BUNDLE_IDENTIFIER = org.e90b8316ac72274e.SibUtkiTests;
				PRODUCT_NAME = "$(TARGET_NAME)";
				SWIFT_EMIT_LOC_STRINGS = NO;
				SWIFT_VERSION = 5.0;
				TARGETED_DEVICE_FAMILY = "1,2";
				TEST_HOST = "$(BUILT_PRODUCTS_DIR)/SibUtki.app/$(BUNDLE_EXECUTABLE_FOLDER_PATH)/SibUtki";
			};
			name = Release;
		};
		15523C622EB0F959001D850C /* Debug */ = {
			isa = XCBuildConfiguration;
			buildSettings = {
				CODE_SIGN_STYLE = Automatic;
				CURRENT_PROJECT_VERSION = 1;
				DEVELOPMENT_TEAM = 7MZ9N552P6;
				GENERATE_INFOPLIST_FILE = YES;
				MARKETING_VERSION = 1.0;
				PRODUCT_BUNDLE_IDENTIFIER = org.e90b8316ac72274e.SibUtkiUITests;
				PRODUCT_NAME = "$(TARGET_NAME)";
				SWIFT_EMIT_LOC_STRINGS = NO;
				SWIFT_VERSION = 5.0;
				TARGETED_DEVICE_FAMILY = "1,2";
				TEST_TARGET_NAME = SibUtki;
			};
			name = Debug;
		};
		15523C632EB0F959001D850C /* Release */ = {
			isa = XCBuildConfiguration;
			buildSettings = {
				CODE_SIGN_STYLE = Automatic;
				CURRENT_PROJECT_VERSION = 1;
				DEVELOPMENT_TEAM = 7MZ9N552P6;
				GENERATE_INFOPLIST_FILE = YES;
				MARKETING_VERSION = 1.0;
				PRODUCT_BUNDLE_IDENTIFIER = org.e90b8316ac72274e.SibUtkiUITests;
				PRODUCT_NAME = "$(TARGET_NAME)";
				SWIFT_EMIT_LOC_STRINGS = NO;
				SWIFT_VERSION = 5.0;
				TARGETED_DEVICE_FAMILY = "1,2";
				TEST_TARGET_NAME = SibUtki;
			};
			name = Release;
		};
/* End XCBuildConfiguration section */

/* Begin XCConfigurationList section */
		15523C282EB0F957001D850C /* Build configuration list for PBXProject "SibUtki" */ = {
			isa = XCConfigurationList;
			buildConfigurations = (
				15523C5C2EB0F959001D850C /* Debug */,
				15523C5D2EB0F959001D850C /* Release */,
			);
			defaultConfigurationIsVisible = 0;
			defaultConfigurationName = Release;
		};
		15523C592EB0F959001D850C /* Build configuration list for PBXNativeTarget "SibUtki" */ = {
			isa = XCConfigurationList;
			buildConfigurations = (
				15523C5A2EB0F959001D850C /* Debug */,
				15523C5B2EB0F959001D850C /* Release */,
			);
			defaultConfigurationIsVisible = 0;
			defaultConfigurationName = Release;
		};
		15523C5E2EB0F959001D850C /* Build configuration list for PBXNativeTarget "SibUtkiTests" */ = {
			isa = XCConfigurationList;
			buildConfigurations = (
				15523C5F2EB0F959001D850C /* Debug */,
				15523C602EB0F959001D850C /* Release */,
			);
			defaultConfigurationIsVisible = 0;
			defaultConfigurationName = Release;
		};
		15523C612EB0F959001D850C /* Build configuration list for PBXNativeTarget "SibUtkiUITests" */ = {
			isa = XCConfigurationList;
			buildConfigurations = (
				15523C622EB0F959001D850C /* Debug */,
				15523C632EB0F959001D850C /* Release */,
			);
			defaultConfigurationIsVisible = 0;
			defaultConfigurationName = Release;
		};
/* End XCConfigurationList section */
	};
	rootObject = 15523C252EB0F957001D850C /* Project object */;
}
